// !$*UTF8*$!
{
	archiveVersion = 1;
	classes = {
	};
	objectVersion = 45;
	objects = {

/* Begin PBXBuildFile section */
		1D3623260D0F684500981E51 /* BuddycloudAppDelegate.m in Sources */ = {isa = PBXBuildFile; fileRef = 1D3623250D0F684500981E51 /* BuddycloudAppDelegate.m */; };
		1D60589B0D05DD56006BFB54 /* main.m in Sources */ = {isa = PBXBuildFile; fileRef = 29B97316FDCFA39411CA2CEA /* main.m */; };
		1D60589F0D05DD5A006BFB54 /* Foundation.framework in Frameworks */ = {isa = PBXBuildFile; fileRef = 1D30AB110D05D00D00671497 /* Foundation.framework */; };
		1DF5F4E00D08C38300B7A737 /* UIKit.framework in Frameworks */ = {isa = PBXBuildFile; fileRef = 1DF5F4DF0D08C38300B7A737 /* UIKit.framework */; };
		288765080DF74369002DB57D /* CoreGraphics.framework in Frameworks */ = {isa = PBXBuildFile; fileRef = 288765070DF74369002DB57D /* CoreGraphics.framework */; };
		28AD73880D9D96C1002E5188 /* MainWindow.xib in Resources */ = {isa = PBXBuildFile; fileRef = 28AD73870D9D96C1002E5188 /* MainWindow.xib */; };
		4BE6F8930FB5A288001696C8 /* CFNetwork.framework in Frameworks */ = {isa = PBXBuildFile; fileRef = 4BE6F8920FB5A288001696C8 /* CFNetwork.framework */; };
		4BE6F9400FB5A872001696C8 /* SystemConfiguration.framework in Frameworks */ = {isa = PBXBuildFile; fileRef = 4BE6F93F0FB5A872001696C8 /* SystemConfiguration.framework */; };
		4BE6FB5B0FB5ECC8001696C8 /* CoreLocation.framework in Frameworks */ = {isa = PBXBuildFile; fileRef = 4BE6FB5A0FB5ECC8001696C8 /* CoreLocation.framework */; };
		571129A011A3CE5800921B1D /* database.sql in Resources */ = {isa = PBXBuildFile; fileRef = 5711299F11A3CE5800921B1D /* database.sql */; };
		5731AF311170BD2100F97613 /* Settings.bundle in Resources */ = {isa = PBXBuildFile; fileRef = 5731AF301170BD2100F97613 /* Settings.bundle */; };
		5731AF9B1170E05800F97613 /* SettingsViewController.m in Sources */ = {isa = PBXBuildFile; fileRef = 5731AF9A1170E05800F97613 /* SettingsViewController.m */; };
		5731AFCA1170E3A600F97613 /* EditSettingsViewController.m in Sources */ = {isa = PBXBuildFile; fileRef = 5731AFC91170E3A600F97613 /* EditSettingsViewController.m */; };
		5731B03A1170EB2600F97613 /* EditSettingCell.m in Sources */ = {isa = PBXBuildFile; fileRef = 5731B0391170EB2600F97613 /* EditSettingCell.m */; };
		5731B0741170EF5000F97613 /* FollowerCell.xib in Resources */ = {isa = PBXBuildFile; fileRef = 5731B0731170EF5000F97613 /* FollowerCell.xib */; };
		5731B0781170F01D00F97613 /* FollowerCellController.m in Sources */ = {isa = PBXBuildFile; fileRef = 5731B0771170F01D00F97613 /* FollowerCellController.m */; };
		57368090116C84EF008DC56F /* XMPPEngine.m in Sources */ = {isa = PBXBuildFile; fileRef = 5736808F116C84EF008DC56F /* XMPPEngine.m */; };
		57368110116CA1D8008DC56F /* LocationEngine.m in Sources */ = {isa = PBXBuildFile; fileRef = 5736810F116CA1D8008DC56F /* LocationEngine.m */; };
		57368152116CA838008DC56F /* FollowingViewController.m in Sources */ = {isa = PBXBuildFile; fileRef = 57368151116CA838008DC56F /* FollowingViewController.m */; };
		5736819C116CABE6008DC56F /* Events.m in Sources */ = {isa = PBXBuildFile; fileRef = 5736819B116CABE6008DC56F /* Events.m */; };
		573681E4116CB627008DC56F /* Icon.png in Resources */ = {isa = PBXBuildFile; fileRef = 573681E3116CB627008DC56F /* Icon.png */; };
		578B8AFC118313F000279015 /* FollowedItem.m in Sources */ = {isa = PBXBuildFile; fileRef = 578B8AFB118313F000279015 /* FollowedItem.m */; };
		578B8AFF118314D400279015 /* UserItem.m in Sources */ = {isa = PBXBuildFile; fileRef = 578B8AFE118314D400279015 /* UserItem.m */; };
		578B8B091183156C00279015 /* Location.m in Sources */ = {isa = PBXBuildFile; fileRef = 578B8B081183156C00279015 /* Location.m */; };
		578B8B1E1183171000279015 /* ChannelItem.m in Sources */ = {isa = PBXBuildFile; fileRef = 578B8B1D1183171000279015 /* ChannelItem.m */; };
		578B8B6511831A7100279015 /* FollowingDataModel.m in Sources */ = {isa = PBXBuildFile; fileRef = 578B8B6411831A7100279015 /* FollowingDataModel.m */; };
		5791901311A3E6EF0089B853 /* ChannelCellController.m in Sources */ = {isa = PBXBuildFile; fileRef = 5791901211A3E6EF0089B853 /* ChannelCellController.m */; };
		579191DF11A439AD0089B853 /* libsqlite3.dylib in Frameworks */ = {isa = PBXBuildFile; fileRef = 579191DE11A439AD0089B853 /* libsqlite3.dylib */; };
		579397CB117DD98200D340F1 /* XMPPPubsub.m in Sources */ = {isa = PBXBuildFile; fileRef = 579397CA117DD98200D340F1 /* XMPPPubsub.m */; };
		57A180B7119951B300DFFD42 /* contact.png in Resources */ = {isa = PBXBuildFile; fileRef = 57A180B6119951B300DFFD42 /* contact.png */; };
		57A180B9119951BE00DFFD42 /* channel.png in Resources */ = {isa = PBXBuildFile; fileRef = 57A180B8119951BE00DFFD42 /* channel.png */; };
		57A182E0119D9D8200DFFD42 /* PlaceEngine.m in Sources */ = {isa = PBXBuildFile; fileRef = 57A182DF119D9D8200DFFD42 /* PlaceEngine.m */; };
		57A183A1119ED30400DFFD42 /* TextFieldAlertView.m in Sources */ = {isa = PBXBuildFile; fileRef = 57A183A0119ED30400DFFD42 /* TextFieldAlertView.m */; };
		57A3AC6D11A2CCBC00E39894 /* PlacesDataModel.m in Sources */ = {isa = PBXBuildFile; fileRef = 57A3AC6C11A2CCBC00E39894 /* PlacesDataModel.m */; };
		57A3AC7011A2CFB700E39894 /* DatabaseAccess.m in Sources */ = {isa = PBXBuildFile; fileRef = 57A3AC6F11A2CFB700E39894 /* DatabaseAccess.m */; };
		57DD026F1185D7A100CC00D1 /* DDXMLDocument.m in Sources */ = {isa = PBXBuildFile; fileRef = 57DD02671185D7A100CC00D1 /* DDXMLDocument.m */; };
		57DD02701185D7A100CC00D1 /* DDXMLElement.m in Sources */ = {isa = PBXBuildFile; fileRef = 57DD02691185D7A100CC00D1 /* DDXMLElement.m */; };
		57DD02711185D7A100CC00D1 /* DDXMLNode.m in Sources */ = {isa = PBXBuildFile; fileRef = 57DD026B1185D7A100CC00D1 /* DDXMLNode.m */; };
		57DD02721185D7A100CC00D1 /* NSStringAdditions.m in Sources */ = {isa = PBXBuildFile; fileRef = 57DD026E1185D7A100CC00D1 /* NSStringAdditions.m */; };
		57DD027A1185D85000CC00D1 /* AsyncSocket.m in Sources */ = {isa = PBXBuildFile; fileRef = 57DD02791185D85000CC00D1 /* AsyncSocket.m */; };
		57DD02C41185D8AF00CC00D1 /* NSXMLElementAdditions.m in Sources */ = {isa = PBXBuildFile; fileRef = 57DD02801185D8AF00CC00D1 /* NSXMLElementAdditions.m */; };
		57DD02C51185D8AF00CC00D1 /* NSDataAdditions.m in Sources */ = {isa = PBXBuildFile; fileRef = 57DD02821185D8AF00CC00D1 /* NSDataAdditions.m */; };
		57DD02C61185D8AF00CC00D1 /* MulticastDelegate.m in Sources */ = {isa = PBXBuildFile; fileRef = 57DD02851185D8AF00CC00D1 /* MulticastDelegate.m */; };
		57DD02C71185D8AF00CC00D1 /* LibIDN.m in Sources */ = {isa = PBXBuildFile; fileRef = 57DD02871185D8AF00CC00D1 /* LibIDN.m */; };
		57DD02C81185D8AF00CC00D1 /* XMPPParser.m in Sources */ = {isa = PBXBuildFile; fileRef = 57DD028D1185D8AF00CC00D1 /* XMPPParser.m */; };
		57DD02C91185D8AF00CC00D1 /* XMPPStream.m in Sources */ = {isa = PBXBuildFile; fileRef = 57DD028F1185D8AF00CC00D1 /* XMPPStream.m */; };
		57DD02CA1185D8AF00CC00D1 /* XMPPJID.m in Sources */ = {isa = PBXBuildFile; fileRef = 57DD02911185D8AF00CC00D1 /* XMPPJID.m */; };
		57DD02CB1185D8AF00CC00D1 /* XMPPElement.m in Sources */ = {isa = PBXBuildFile; fileRef = 57DD02931185D8AF00CC00D1 /* XMPPElement.m */; };
		57DD02CC1185D8AF00CC00D1 /* XMPPIQ.m in Sources */ = {isa = PBXBuildFile; fileRef = 57DD02951185D8AF00CC00D1 /* XMPPIQ.m */; };
		57DD02CD1185D8AF00CC00D1 /* XMPPMessage.m in Sources */ = {isa = PBXBuildFile; fileRef = 57DD02971185D8AF00CC00D1 /* XMPPMessage.m */; };
		57DD02CE1185D8AF00CC00D1 /* XMPPPresence.m in Sources */ = {isa = PBXBuildFile; fileRef = 57DD02991185D8AF00CC00D1 /* XMPPPresence.m */; };
		57DD02CF1185D8AF00CC00D1 /* XMPPReconnect.m in Sources */ = {isa = PBXBuildFile; fileRef = 57DD029B1185D8AF00CC00D1 /* XMPPReconnect.m */; };
		57DD02D01185D8AF00CC00D1 /* XMPPModule.m in Sources */ = {isa = PBXBuildFile; fileRef = 57DD029D1185D8AF00CC00D1 /* XMPPModule.m */; };
		57DD02D11185D8AF00CC00D1 /* XMPPRoster.m in Sources */ = {isa = PBXBuildFile; fileRef = 57DD02A01185D8AF00CC00D1 /* XMPPRoster.m */; };
		57DD02D51185D8AF00CC00D1 /* DDNumber.m in Sources */ = {isa = PBXBuildFile; fileRef = 57DD02B01185D8AF00CC00D1 /* DDNumber.m */; };
		57DD02D61185D8AF00CC00D1 /* TURNSocket.m in Sources */ = {isa = PBXBuildFile; fileRef = 57DD02B21185D8AF00CC00D1 /* TURNSocket.m */; };
		57DD02D71185D8AF00CC00D1 /* XMPPTransports.m in Sources */ = {isa = PBXBuildFile; fileRef = 57DD02B51185D8AF00CC00D1 /* XMPPTransports.m */; };
		57E0706A116B89EE00FDB70C /* libidn.a in Frameworks */ = {isa = PBXBuildFile; fileRef = 57E07069116B89EE00FDB70C /* libidn.a */; };
		F42611F111A18C84003DE867 /* TopicCell.xib in Resources */ = {isa = PBXBuildFile; fileRef = F42611F011A18C84003DE867 /* TopicCell.xib */; };
/* End PBXBuildFile section */

/* Begin PBXFileReference section */
		1D30AB110D05D00D00671497 /* Foundation.framework */ = {isa = PBXFileReference; lastKnownFileType = wrapper.framework; name = Foundation.framework; path = System/Library/Frameworks/Foundation.framework; sourceTree = SDKROOT; };
		1D3623240D0F684500981E51 /* BuddycloudAppDelegate.h */ = {isa = PBXFileReference; fileEncoding = 4; lastKnownFileType = sourcecode.c.h; path = BuddycloudAppDelegate.h; sourceTree = "<group>"; };
		1D3623250D0F684500981E51 /* BuddycloudAppDelegate.m */ = {isa = PBXFileReference; fileEncoding = 4; lastKnownFileType = sourcecode.c.objc; path = BuddycloudAppDelegate.m; sourceTree = "<group>"; };
		1D6058910D05DD3D006BFB54 /* Buddycloud.app */ = {isa = PBXFileReference; explicitFileType = wrapper.application; includeInIndex = 0; path = Buddycloud.app; sourceTree = BUILT_PRODUCTS_DIR; };
		1DF5F4DF0D08C38300B7A737 /* UIKit.framework */ = {isa = PBXFileReference; lastKnownFileType = wrapper.framework; name = UIKit.framework; path = System/Library/Frameworks/UIKit.framework; sourceTree = SDKROOT; };
		288765070DF74369002DB57D /* CoreGraphics.framework */ = {isa = PBXFileReference; lastKnownFileType = wrapper.framework; name = CoreGraphics.framework; path = System/Library/Frameworks/CoreGraphics.framework; sourceTree = SDKROOT; };
		28A0AB4B0D9B1048005BE974 /* Buddycloud_Prefix.pch */ = {isa = PBXFileReference; fileEncoding = 4; lastKnownFileType = sourcecode.c.h; path = Buddycloud_Prefix.pch; sourceTree = "<group>"; };
		28AD73870D9D96C1002E5188 /* MainWindow.xib */ = {isa = PBXFileReference; lastKnownFileType = file.xib; path = MainWindow.xib; sourceTree = "<group>"; };
		29B97316FDCFA39411CA2CEA /* main.m */ = {isa = PBXFileReference; fileEncoding = 4; lastKnownFileType = sourcecode.c.objc; path = main.m; sourceTree = "<group>"; };
		4BE6F8920FB5A288001696C8 /* CFNetwork.framework */ = {isa = PBXFileReference; lastKnownFileType = wrapper.framework; name = CFNetwork.framework; path = System/Library/Frameworks/CFNetwork.framework; sourceTree = SDKROOT; };
		4BE6F93F0FB5A872001696C8 /* SystemConfiguration.framework */ = {isa = PBXFileReference; lastKnownFileType = wrapper.framework; name = SystemConfiguration.framework; path = System/Library/Frameworks/SystemConfiguration.framework; sourceTree = SDKROOT; };
		4BE6FB5A0FB5ECC8001696C8 /* CoreLocation.framework */ = {isa = PBXFileReference; lastKnownFileType = wrapper.framework; name = CoreLocation.framework; path = System/Library/Frameworks/CoreLocation.framework; sourceTree = SDKROOT; };
		5711299F11A3CE5800921B1D /* database.sql */ = {isa = PBXFileReference; lastKnownFileType = file; path = database.sql; sourceTree = "<group>"; };
		5731AF301170BD2100F97613 /* Settings.bundle */ = {isa = PBXFileReference; lastKnownFileType = "wrapper.plug-in"; path = Settings.bundle; sourceTree = "<group>"; };
		5731AF991170E05800F97613 /* SettingsViewController.h */ = {isa = PBXFileReference; fileEncoding = 4; lastKnownFileType = sourcecode.c.h; path = SettingsViewController.h; sourceTree = "<group>"; };
		5731AF9A1170E05800F97613 /* SettingsViewController.m */ = {isa = PBXFileReference; fileEncoding = 4; lastKnownFileType = sourcecode.c.objc; path = SettingsViewController.m; sourceTree = "<group>"; };
		5731AFC81170E3A600F97613 /* EditSettingsViewController.h */ = {isa = PBXFileReference; fileEncoding = 4; lastKnownFileType = sourcecode.c.h; path = EditSettingsViewController.h; sourceTree = "<group>"; };
		5731AFC91170E3A600F97613 /* EditSettingsViewController.m */ = {isa = PBXFileReference; fileEncoding = 4; lastKnownFileType = sourcecode.c.objc; path = EditSettingsViewController.m; sourceTree = "<group>"; };
		5731B0381170EB2600F97613 /* EditSettingCell.h */ = {isa = PBXFileReference; fileEncoding = 4; lastKnownFileType = sourcecode.c.h; path = EditSettingCell.h; sourceTree = "<group>"; };
		5731B0391170EB2600F97613 /* EditSettingCell.m */ = {isa = PBXFileReference; fileEncoding = 4; lastKnownFileType = sourcecode.c.objc; path = EditSettingCell.m; sourceTree = "<group>"; };
		5731B0731170EF5000F97613 /* FollowerCell.xib */ = {isa = PBXFileReference; lastKnownFileType = file.xib; path = FollowerCell.xib; sourceTree = "<group>"; };
		5731B0761170F01D00F97613 /* FollowerCellController.h */ = {isa = PBXFileReference; fileEncoding = 4; lastKnownFileType = sourcecode.c.h; path = FollowerCellController.h; sourceTree = "<group>"; };
		5731B0771170F01D00F97613 /* FollowerCellController.m */ = {isa = PBXFileReference; fileEncoding = 4; lastKnownFileType = sourcecode.c.objc; path = FollowerCellController.m; sourceTree = "<group>"; };
		5736808E116C84EF008DC56F /* XMPPEngine.h */ = {isa = PBXFileReference; fileEncoding = 4; lastKnownFileType = sourcecode.c.h; path = XMPPEngine.h; sourceTree = "<group>"; };
		5736808F116C84EF008DC56F /* XMPPEngine.m */ = {isa = PBXFileReference; fileEncoding = 4; lastKnownFileType = sourcecode.c.objc; path = XMPPEngine.m; sourceTree = "<group>"; };
		5736810E116CA1D8008DC56F /* LocationEngine.h */ = {isa = PBXFileReference; fileEncoding = 4; lastKnownFileType = sourcecode.c.h; path = LocationEngine.h; sourceTree = "<group>"; };
		5736810F116CA1D8008DC56F /* LocationEngine.m */ = {isa = PBXFileReference; fileEncoding = 4; lastKnownFileType = sourcecode.c.objc; path = LocationEngine.m; sourceTree = "<group>"; };
		57368150116CA838008DC56F /* FollowingViewController.h */ = {isa = PBXFileReference; fileEncoding = 4; lastKnownFileType = sourcecode.c.h; path = FollowingViewController.h; sourceTree = "<group>"; };
		57368151116CA838008DC56F /* FollowingViewController.m */ = {isa = PBXFileReference; fileEncoding = 4; lastKnownFileType = sourcecode.c.objc; path = FollowingViewController.m; sourceTree = "<group>"; };
		5736819A116CABE6008DC56F /* Events.h */ = {isa = PBXFileReference; fileEncoding = 4; lastKnownFileType = sourcecode.c.h; path = Events.h; sourceTree = "<group>"; };
		5736819B116CABE6008DC56F /* Events.m */ = {isa = PBXFileReference; fileEncoding = 4; lastKnownFileType = sourcecode.c.objc; path = Events.m; sourceTree = "<group>"; };
		573681E3116CB627008DC56F /* Icon.png */ = {isa = PBXFileReference; lastKnownFileType = image.png; path = Icon.png; sourceTree = "<group>"; };
		578B8AFA118313F000279015 /* FollowedItem.h */ = {isa = PBXFileReference; fileEncoding = 4; lastKnownFileType = sourcecode.c.h; path = FollowedItem.h; sourceTree = "<group>"; };
		578B8AFB118313F000279015 /* FollowedItem.m */ = {isa = PBXFileReference; fileEncoding = 4; lastKnownFileType = sourcecode.c.objc; path = FollowedItem.m; sourceTree = "<group>"; };
		578B8AFD118314D400279015 /* UserItem.h */ = {isa = PBXFileReference; fileEncoding = 4; lastKnownFileType = sourcecode.c.h; path = UserItem.h; sourceTree = "<group>"; };
		578B8AFE118314D400279015 /* UserItem.m */ = {isa = PBXFileReference; fileEncoding = 4; lastKnownFileType = sourcecode.c.objc; path = UserItem.m; sourceTree = "<group>"; };
		578B8B071183156C00279015 /* Location.h */ = {isa = PBXFileReference; fileEncoding = 4; lastKnownFileType = sourcecode.c.h; path = Location.h; sourceTree = "<group>"; };
		578B8B081183156C00279015 /* Location.m */ = {isa = PBXFileReference; fileEncoding = 4; lastKnownFileType = sourcecode.c.objc; path = Location.m; sourceTree = "<group>"; };
		578B8B1C1183171000279015 /* ChannelItem.h */ = {isa = PBXFileReference; fileEncoding = 4; lastKnownFileType = sourcecode.c.h; path = ChannelItem.h; sourceTree = "<group>"; };
		578B8B1D1183171000279015 /* ChannelItem.m */ = {isa = PBXFileReference; fileEncoding = 4; lastKnownFileType = sourcecode.c.objc; path = ChannelItem.m; sourceTree = "<group>"; };
		578B8B6311831A7100279015 /* FollowingDataModel.h */ = {isa = PBXFileReference; fileEncoding = 4; lastKnownFileType = sourcecode.c.h; path = FollowingDataModel.h; sourceTree = "<group>"; };
		578B8B6411831A7100279015 /* FollowingDataModel.m */ = {isa = PBXFileReference; fileEncoding = 4; lastKnownFileType = sourcecode.c.objc; path = FollowingDataModel.m; sourceTree = "<group>"; };
		5791901111A3E6EF0089B853 /* ChannelCellController.h */ = {isa = PBXFileReference; fileEncoding = 4; lastKnownFileType = sourcecode.c.h; path = ChannelCellController.h; sourceTree = "<group>"; };
		5791901211A3E6EF0089B853 /* ChannelCellController.m */ = {isa = PBXFileReference; fileEncoding = 4; lastKnownFileType = sourcecode.c.objc; path = ChannelCellController.m; sourceTree = "<group>"; };
		579191DE11A439AD0089B853 /* libsqlite3.dylib */ = {isa = PBXFileReference; lastKnownFileType = "compiled.mach-o.dylib"; name = libsqlite3.dylib; path = usr/lib/libsqlite3.dylib; sourceTree = SDKROOT; };
		579397C9117DD98200D340F1 /* XMPPPubsub.h */ = {isa = PBXFileReference; fileEncoding = 4; lastKnownFileType = sourcecode.c.h; path = XMPPPubsub.h; sourceTree = "<group>"; };
		579397CA117DD98200D340F1 /* XMPPPubsub.m */ = {isa = PBXFileReference; fileEncoding = 4; lastKnownFileType = sourcecode.c.objc; path = XMPPPubsub.m; sourceTree = "<group>"; };
		57A180B6119951B300DFFD42 /* contact.png */ = {isa = PBXFileReference; lastKnownFileType = image.png; path = contact.png; sourceTree = "<group>"; };
		57A180B8119951BE00DFFD42 /* channel.png */ = {isa = PBXFileReference; lastKnownFileType = image.png; path = channel.png; sourceTree = "<group>"; };
		57A182DE119D9D8200DFFD42 /* PlaceEngine.h */ = {isa = PBXFileReference; fileEncoding = 4; lastKnownFileType = sourcecode.c.h; path = PlaceEngine.h; sourceTree = "<group>"; };
		57A182DF119D9D8200DFFD42 /* PlaceEngine.m */ = {isa = PBXFileReference; fileEncoding = 4; lastKnownFileType = sourcecode.c.objc; path = PlaceEngine.m; sourceTree = "<group>"; };
		57A1839F119ED30400DFFD42 /* TextFieldAlertView.h */ = {isa = PBXFileReference; fileEncoding = 4; lastKnownFileType = sourcecode.c.h; path = TextFieldAlertView.h; sourceTree = "<group>"; };
		57A183A0119ED30400DFFD42 /* TextFieldAlertView.m */ = {isa = PBXFileReference; fileEncoding = 4; lastKnownFileType = sourcecode.c.objc; path = TextFieldAlertView.m; sourceTree = "<group>"; };
		57A3AC6B11A2CCBC00E39894 /* PlacesDataModel.h */ = {isa = PBXFileReference; fileEncoding = 4; lastKnownFileType = sourcecode.c.h; path = PlacesDataModel.h; sourceTree = "<group>"; };
		57A3AC6C11A2CCBC00E39894 /* PlacesDataModel.m */ = {isa = PBXFileReference; fileEncoding = 4; lastKnownFileType = sourcecode.c.objc; path = PlacesDataModel.m; sourceTree = "<group>"; };
		57A3AC6E11A2CFB700E39894 /* DatabaseAccess.h */ = {isa = PBXFileReference; fileEncoding = 4; lastKnownFileType = sourcecode.c.h; path = DatabaseAccess.h; sourceTree = "<group>"; };
		57A3AC6F11A2CFB700E39894 /* DatabaseAccess.m */ = {isa = PBXFileReference; fileEncoding = 4; lastKnownFileType = sourcecode.c.objc; path = DatabaseAccess.m; sourceTree = "<group>"; };
		57DD02651185D7A100CC00D1 /* DDXML.h */ = {isa = PBXFileReference; fileEncoding = 4; lastKnownFileType = sourcecode.c.h; path = DDXML.h; sourceTree = "<group>"; };
		57DD02661185D7A100CC00D1 /* DDXMLDocument.h */ = {isa = PBXFileReference; fileEncoding = 4; lastKnownFileType = sourcecode.c.h; path = DDXMLDocument.h; sourceTree = "<group>"; };
		57DD02671185D7A100CC00D1 /* DDXMLDocument.m */ = {isa = PBXFileReference; fileEncoding = 4; lastKnownFileType = sourcecode.c.objc; path = DDXMLDocument.m; sourceTree = "<group>"; };
		57DD02681185D7A100CC00D1 /* DDXMLElement.h */ = {isa = PBXFileReference; fileEncoding = 4; lastKnownFileType = sourcecode.c.h; path = DDXMLElement.h; sourceTree = "<group>"; };
		57DD02691185D7A100CC00D1 /* DDXMLElement.m */ = {isa = PBXFileReference; fileEncoding = 4; lastKnownFileType = sourcecode.c.objc; path = DDXMLElement.m; sourceTree = "<group>"; };
		57DD026A1185D7A100CC00D1 /* DDXMLNode.h */ = {isa = PBXFileReference; fileEncoding = 4; lastKnownFileType = sourcecode.c.h; path = DDXMLNode.h; sourceTree = "<group>"; };
		57DD026B1185D7A100CC00D1 /* DDXMLNode.m */ = {isa = PBXFileReference; fileEncoding = 4; lastKnownFileType = sourcecode.c.objc; path = DDXMLNode.m; sourceTree = "<group>"; };
		57DD026C1185D7A100CC00D1 /* DDXMLPrivate.h */ = {isa = PBXFileReference; fileEncoding = 4; lastKnownFileType = sourcecode.c.h; path = DDXMLPrivate.h; sourceTree = "<group>"; };
		57DD026D1185D7A100CC00D1 /* NSStringAdditions.h */ = {isa = PBXFileReference; fileEncoding = 4; lastKnownFileType = sourcecode.c.h; path = NSStringAdditions.h; sourceTree = "<group>"; };
		57DD026E1185D7A100CC00D1 /* NSStringAdditions.m */ = {isa = PBXFileReference; fileEncoding = 4; lastKnownFileType = sourcecode.c.objc; path = NSStringAdditions.m; sourceTree = "<group>"; };
		57DD02781185D85000CC00D1 /* AsyncSocket.h */ = {isa = PBXFileReference; fileEncoding = 4; lastKnownFileType = sourcecode.c.h; path = AsyncSocket.h; sourceTree = "<group>"; };
		57DD02791185D85000CC00D1 /* AsyncSocket.m */ = {isa = PBXFileReference; fileEncoding = 4; lastKnownFileType = sourcecode.c.objc; path = AsyncSocket.m; sourceTree = "<group>"; };
		57DD027F1185D8AF00CC00D1 /* NSXMLElementAdditions.h */ = {isa = PBXFileReference; fileEncoding = 4; lastKnownFileType = sourcecode.c.h; path = NSXMLElementAdditions.h; sourceTree = "<group>"; };
		57DD02801185D8AF00CC00D1 /* NSXMLElementAdditions.m */ = {isa = PBXFileReference; fileEncoding = 4; lastKnownFileType = sourcecode.c.objc; path = NSXMLElementAdditions.m; sourceTree = "<group>"; };
		57DD02811185D8AF00CC00D1 /* NSDataAdditions.h */ = {isa = PBXFileReference; fileEncoding = 4; lastKnownFileType = sourcecode.c.h; path = NSDataAdditions.h; sourceTree = "<group>"; };
		57DD02821185D8AF00CC00D1 /* NSDataAdditions.m */ = {isa = PBXFileReference; fileEncoding = 4; lastKnownFileType = sourcecode.c.objc; path = NSDataAdditions.m; sourceTree = "<group>"; };
		57DD02841185D8AF00CC00D1 /* MulticastDelegate.h */ = {isa = PBXFileReference; fileEncoding = 4; lastKnownFileType = sourcecode.c.h; path = MulticastDelegate.h; sourceTree = "<group>"; };
		57DD02851185D8AF00CC00D1 /* MulticastDelegate.m */ = {isa = PBXFileReference; fileEncoding = 4; lastKnownFileType = sourcecode.c.objc; path = MulticastDelegate.m; sourceTree = "<group>"; };
		57DD02861185D8AF00CC00D1 /* LibIDN.h */ = {isa = PBXFileReference; fileEncoding = 4; lastKnownFileType = sourcecode.c.h; path = LibIDN.h; sourceTree = "<group>"; };
		57DD02871185D8AF00CC00D1 /* LibIDN.m */ = {isa = PBXFileReference; fileEncoding = 4; lastKnownFileType = sourcecode.c.objc; path = LibIDN.m; sourceTree = "<group>"; };
		57DD02881185D8AF00CC00D1 /* idn-int.h */ = {isa = PBXFileReference; fileEncoding = 4; lastKnownFileType = sourcecode.c.h; path = "idn-int.h"; sourceTree = "<group>"; };
		57DD02891185D8AF00CC00D1 /* stringprep.h */ = {isa = PBXFileReference; fileEncoding = 4; lastKnownFileType = sourcecode.c.h; path = stringprep.h; sourceTree = "<group>"; };
		57DD028B1185D8AF00CC00D1 /* XMPP.h */ = {isa = PBXFileReference; fileEncoding = 4; lastKnownFileType = sourcecode.c.h; path = XMPP.h; sourceTree = "<group>"; };
		57DD028C1185D8AF00CC00D1 /* XMPPParser.h */ = {isa = PBXFileReference; fileEncoding = 4; lastKnownFileType = sourcecode.c.h; path = XMPPParser.h; sourceTree = "<group>"; };
		57DD028D1185D8AF00CC00D1 /* XMPPParser.m */ = {isa = PBXFileReference; fileEncoding = 4; lastKnownFileType = sourcecode.c.objc; path = XMPPParser.m; sourceTree = "<group>"; };
		57DD028E1185D8AF00CC00D1 /* XMPPStream.h */ = {isa = PBXFileReference; fileEncoding = 4; lastKnownFileType = sourcecode.c.h; path = XMPPStream.h; sourceTree = "<group>"; };
		57DD028F1185D8AF00CC00D1 /* XMPPStream.m */ = {isa = PBXFileReference; fileEncoding = 4; lastKnownFileType = sourcecode.c.objc; path = XMPPStream.m; sourceTree = "<group>"; };
		57DD02901185D8AF00CC00D1 /* XMPPJID.h */ = {isa = PBXFileReference; fileEncoding = 4; lastKnownFileType = sourcecode.c.h; path = XMPPJID.h; sourceTree = "<group>"; };
		57DD02911185D8AF00CC00D1 /* XMPPJID.m */ = {isa = PBXFileReference; fileEncoding = 4; lastKnownFileType = sourcecode.c.objc; path = XMPPJID.m; sourceTree = "<group>"; };
		57DD02921185D8AF00CC00D1 /* XMPPElement.h */ = {isa = PBXFileReference; fileEncoding = 4; lastKnownFileType = sourcecode.c.h; path = XMPPElement.h; sourceTree = "<group>"; };
		57DD02931185D8AF00CC00D1 /* XMPPElement.m */ = {isa = PBXFileReference; fileEncoding = 4; lastKnownFileType = sourcecode.c.objc; path = XMPPElement.m; sourceTree = "<group>"; };
		57DD02941185D8AF00CC00D1 /* XMPPIQ.h */ = {isa = PBXFileReference; fileEncoding = 4; lastKnownFileType = sourcecode.c.h; path = XMPPIQ.h; sourceTree = "<group>"; };
		57DD02951185D8AF00CC00D1 /* XMPPIQ.m */ = {isa = PBXFileReference; fileEncoding = 4; lastKnownFileType = sourcecode.c.objc; path = XMPPIQ.m; sourceTree = "<group>"; };
		57DD02961185D8AF00CC00D1 /* XMPPMessage.h */ = {isa = PBXFileReference; fileEncoding = 4; lastKnownFileType = sourcecode.c.h; path = XMPPMessage.h; sourceTree = "<group>"; };
		57DD02971185D8AF00CC00D1 /* XMPPMessage.m */ = {isa = PBXFileReference; fileEncoding = 4; lastKnownFileType = sourcecode.c.objc; path = XMPPMessage.m; sourceTree = "<group>"; };
		57DD02981185D8AF00CC00D1 /* XMPPPresence.h */ = {isa = PBXFileReference; fileEncoding = 4; lastKnownFileType = sourcecode.c.h; path = XMPPPresence.h; sourceTree = "<group>"; };
		57DD02991185D8AF00CC00D1 /* XMPPPresence.m */ = {isa = PBXFileReference; fileEncoding = 4; lastKnownFileType = sourcecode.c.objc; path = XMPPPresence.m; sourceTree = "<group>"; };
		57DD029A1185D8AF00CC00D1 /* XMPPReconnect.h */ = {isa = PBXFileReference; fileEncoding = 4; lastKnownFileType = sourcecode.c.h; path = XMPPReconnect.h; sourceTree = "<group>"; };
		57DD029B1185D8AF00CC00D1 /* XMPPReconnect.m */ = {isa = PBXFileReference; fileEncoding = 4; lastKnownFileType = sourcecode.c.objc; path = XMPPReconnect.m; sourceTree = "<group>"; };
		57DD029C1185D8AF00CC00D1 /* XMPPModule.h */ = {isa = PBXFileReference; fileEncoding = 4; lastKnownFileType = sourcecode.c.h; path = XMPPModule.h; sourceTree = "<group>"; };
		57DD029D1185D8AF00CC00D1 /* XMPPModule.m */ = {isa = PBXFileReference; fileEncoding = 4; lastKnownFileType = sourcecode.c.objc; path = XMPPModule.m; sourceTree = "<group>"; };
		57DD029F1185D8AF00CC00D1 /* XMPPRoster.h */ = {isa = PBXFileReference; fileEncoding = 4; lastKnownFileType = sourcecode.c.h; path = XMPPRoster.h; sourceTree = "<group>"; };
		57DD02A01185D8AF00CC00D1 /* XMPPRoster.m */ = {isa = PBXFileReference; fileEncoding = 4; lastKnownFileType = sourcecode.c.objc; path = XMPPRoster.m; sourceTree = "<group>"; };
		57DD02AE1185D8AF00CC00D1 /* DDLog.h */ = {isa = PBXFileReference; fileEncoding = 4; lastKnownFileType = sourcecode.c.h; path = DDLog.h; sourceTree = "<group>"; };
		57DD02AF1185D8AF00CC00D1 /* DDNumber.h */ = {isa = PBXFileReference; fileEncoding = 4; lastKnownFileType = sourcecode.c.h; path = DDNumber.h; sourceTree = "<group>"; };
		57DD02B01185D8AF00CC00D1 /* DDNumber.m */ = {isa = PBXFileReference; fileEncoding = 4; lastKnownFileType = sourcecode.c.objc; path = DDNumber.m; sourceTree = "<group>"; };
		57DD02B11185D8AF00CC00D1 /* TURNSocket.h */ = {isa = PBXFileReference; fileEncoding = 4; lastKnownFileType = sourcecode.c.h; path = TURNSocket.h; sourceTree = "<group>"; };
		57DD02B21185D8AF00CC00D1 /* TURNSocket.m */ = {isa = PBXFileReference; fileEncoding = 4; lastKnownFileType = sourcecode.c.objc; path = TURNSocket.m; sourceTree = "<group>"; };
		57DD02B41185D8AF00CC00D1 /* XMPPTransports.h */ = {isa = PBXFileReference; fileEncoding = 4; lastKnownFileType = sourcecode.c.h; path = XMPPTransports.h; sourceTree = "<group>"; };
		57DD02B51185D8AF00CC00D1 /* XMPPTransports.m */ = {isa = PBXFileReference; fileEncoding = 4; lastKnownFileType = sourcecode.c.objc; path = XMPPTransports.m; sourceTree = "<group>"; };
		57E07069116B89EE00FDB70C /* libidn.a */ = {isa = PBXFileReference; lastKnownFileType = archive.ar; path = libidn.a; sourceTree = "<group>"; };
		8D1107310486CEB800E47090 /* Info.plist */ = {isa = PBXFileReference; fileEncoding = 4; lastKnownFileType = text.plist.xml; path = Info.plist; sourceTree = "<group>"; };
		F42611F011A18C84003DE867 /* TopicCell.xib */ = {isa = PBXFileReference; lastKnownFileType = file.xib; path = TopicCell.xib; sourceTree = "<group>"; };
/* End PBXFileReference section */

/* Begin PBXFrameworksBuildPhase section */
		1D60588F0D05DD3D006BFB54 /* Frameworks */ = {
			isa = PBXFrameworksBuildPhase;
			buildActionMask = 2147483647;
			files = (
				1D60589F0D05DD5A006BFB54 /* Foundation.framework in Frameworks */,
				1DF5F4E00D08C38300B7A737 /* UIKit.framework in Frameworks */,
				288765080DF74369002DB57D /* CoreGraphics.framework in Frameworks */,
				4BE6F8930FB5A288001696C8 /* CFNetwork.framework in Frameworks */,
				4BE6F9400FB5A872001696C8 /* SystemConfiguration.framework in Frameworks */,
				4BE6FB5B0FB5ECC8001696C8 /* CoreLocation.framework in Frameworks */,
				57E0706A116B89EE00FDB70C /* libidn.a in Frameworks */,
				579191DF11A439AD0089B853 /* libsqlite3.dylib in Frameworks */,
			);
			runOnlyForDeploymentPostprocessing = 0;
		};
/* End PBXFrameworksBuildPhase section */

/* Begin PBXGroup section */
		080E96DDFE201D6D7F000001 /* Classes */ = {
			isa = PBXGroup;
			children = (
				1D3623240D0F684500981E51 /* BuddycloudAppDelegate.h */,
				1D3623250D0F684500981E51 /* BuddycloudAppDelegate.m */,
				578B8AF9118313D500279015 /* Concepts */,
				57368095116C87A3008DC56F /* Engines */,
				57763E29118EBC230005AE99 /* Data Models */,
				5736814F116CA80F008DC56F /* UI */,
				57763DED1187529D0005AE99 /* XMPP Adaptions */,
			);
			path = Classes;
			sourceTree = "<group>";
		};
		19C28FACFE9D520D11CA2CBB /* Products */ = {
			isa = PBXGroup;
			children = (
				1D6058910D05DD3D006BFB54 /* Buddycloud.app */,
			);
			name = Products;
			sourceTree = "<group>";
		};
		29B97314FDCFA39411CA2CEA /* Buddycloud */ = {
			isa = PBXGroup;
			children = (
				080E96DDFE201D6D7F000001 /* Classes */,
				29B97315FDCFA39411CA2CEA /* Other Sources */,
				29B97317FDCFA39411CA2CEA /* Resources */,
				29B97323FDCFA39411CA2CEA /* Frameworks */,
				19C28FACFE9D520D11CA2CBB /* Products */,
			);
			name = Buddycloud;
			sourceTree = "<group>";
		};
		29B97315FDCFA39411CA2CEA /* Other Sources */ = {
			isa = PBXGroup;
			children = (
				57DD027D1185D8AF00CC00D1 /* XMPP */,
				57DD02771185D85000CC00D1 /* TCP */,
				57DD02641185D7A100CC00D1 /* KissXML */,
				28A0AB4B0D9B1048005BE974 /* Buddycloud_Prefix.pch */,
				29B97316FDCFA39411CA2CEA /* main.m */,
			);
			name = "Other Sources";
			sourceTree = "<group>";
		};
		29B97317FDCFA39411CA2CEA /* Resources */ = {
			isa = PBXGroup;
			children = (
				5711299F11A3CE5800921B1D /* database.sql */,
				57A180B8119951BE00DFFD42 /* channel.png */,
				57A180B6119951B300DFFD42 /* contact.png */,
				573681E3116CB627008DC56F /* Icon.png */,
				28AD73870D9D96C1002E5188 /* MainWindow.xib */,
				5731AF301170BD2100F97613 /* Settings.bundle */,
				5731B0731170EF5000F97613 /* FollowerCell.xib */,
				F42611F011A18C84003DE867 /* TopicCell.xib */,
				8D1107310486CEB800E47090 /* Info.plist */,
			);
			name = Resources;
			sourceTree = "<group>";
		};
		29B97323FDCFA39411CA2CEA /* Frameworks */ = {
			isa = PBXGroup;
			children = (
				57E07069116B89EE00FDB70C /* libidn.a */,
				4BE6FB5A0FB5ECC8001696C8 /* CoreLocation.framework */,
				4BE6F93F0FB5A872001696C8 /* SystemConfiguration.framework */,
				4BE6F8920FB5A288001696C8 /* CFNetwork.framework */,
				1DF5F4DF0D08C38300B7A737 /* UIKit.framework */,
				1D30AB110D05D00D00671497 /* Foundation.framework */,
				288765070DF74369002DB57D /* CoreGraphics.framework */,
				579191DE11A439AD0089B853 /* libsqlite3.dylib */,
			);
			name = Frameworks;
			sourceTree = "<group>";
		};
		57368095116C87A3008DC56F /* Engines */ = {
			isa = PBXGroup;
			children = (
				5736819A116CABE6008DC56F /* Events.h */,
				5736819B116CABE6008DC56F /* Events.m */,
				5736808E116C84EF008DC56F /* XMPPEngine.h */,
				5736808F116C84EF008DC56F /* XMPPEngine.m */,
				5736810E116CA1D8008DC56F /* LocationEngine.h */,
				5736810F116CA1D8008DC56F /* LocationEngine.m */,
				57A182DE119D9D8200DFFD42 /* PlaceEngine.h */,
				57A182DF119D9D8200DFFD42 /* PlaceEngine.m */,
			);
			name = Engines;
			sourceTree = "<group>";
		};
		5736814F116CA80F008DC56F /* UI */ = {
			isa = PBXGroup;
			children = (
				57368150116CA838008DC56F /* FollowingViewController.h */,
				57368151116CA838008DC56F /* FollowingViewController.m */,
				5731AF991170E05800F97613 /* SettingsViewController.h */,
				5731AF9A1170E05800F97613 /* SettingsViewController.m */,
				5731AFC81170E3A600F97613 /* EditSettingsViewController.h */,
				5731AFC91170E3A600F97613 /* EditSettingsViewController.m */,
				5731B0381170EB2600F97613 /* EditSettingCell.h */,
				5731B0391170EB2600F97613 /* EditSettingCell.m */,
				5731B0761170F01D00F97613 /* FollowerCellController.h */,
				5731B0771170F01D00F97613 /* FollowerCellController.m */,
				57A1839F119ED30400DFFD42 /* TextFieldAlertView.h */,
				57A183A0119ED30400DFFD42 /* TextFieldAlertView.m */,
				5791901111A3E6EF0089B853 /* ChannelCellController.h */,
				5791901211A3E6EF0089B853 /* ChannelCellController.m */,
			);
			name = UI;
			sourceTree = "<group>";
		};
		57763CDB1185FC8B0005AE99 /* XEP-0060 */ = {
			isa = PBXGroup;
			children = (
				579397C9117DD98200D340F1 /* XMPPPubsub.h */,
				579397CA117DD98200D340F1 /* XMPPPubsub.m */,
			);
			name = "XEP-0060";
			path = ..;
			sourceTree = "<group>";
		};
		57763DED1187529D0005AE99 /* XMPP Adaptions */ = {
			isa = PBXGroup;
			children = (
				57DD029E1185D8AF00CC00D1 /* Roster */,
				57763DEE118752B50005AE99 /* Extensions */,
			);
			name = "XMPP Adaptions";
			sourceTree = "<group>";
		};
		57763DEE118752B50005AE99 /* Extensions */ = {
			isa = PBXGroup;
			children = (
				57763CDB1185FC8B0005AE99 /* XEP-0060 */,
			);
			name = Extensions;
			sourceTree = "<group>";
		};
		57763E29118EBC230005AE99 /* Data Models */ = {
			isa = PBXGroup;
			children = (
				578B8B6311831A7100279015 /* FollowingDataModel.h */,
				578B8B6411831A7100279015 /* FollowingDataModel.m */,
				57A3AC6B11A2CCBC00E39894 /* PlacesDataModel.h */,
				57A3AC6C11A2CCBC00E39894 /* PlacesDataModel.m */,
				57A3AC6E11A2CFB700E39894 /* DatabaseAccess.h */,
				57A3AC6F11A2CFB700E39894 /* DatabaseAccess.m */,
			);
			name = "Data Models";
			sourceTree = "<group>";
		};
		578B8AF9118313D500279015 /* Concepts */ = {
			isa = PBXGroup;
			children = (
				578B8AFA118313F000279015 /* FollowedItem.h */,
				578B8AFB118313F000279015 /* FollowedItem.m */,
				578B8AFD118314D400279015 /* UserItem.h */,
				578B8AFE118314D400279015 /* UserItem.m */,
				578B8B1C1183171000279015 /* ChannelItem.h */,
				578B8B1D1183171000279015 /* ChannelItem.m */,
				578B8B071183156C00279015 /* Location.h */,
				578B8B081183156C00279015 /* Location.m */,
			);
			name = Concepts;
			sourceTree = "<group>";
		};
		57DD02641185D7A100CC00D1 /* KissXML */ = {
			isa = PBXGroup;
			children = (
				57DD02651185D7A100CC00D1 /* DDXML.h */,
				57DD02661185D7A100CC00D1 /* DDXMLDocument.h */,
				57DD02671185D7A100CC00D1 /* DDXMLDocument.m */,
				57DD02681185D7A100CC00D1 /* DDXMLElement.h */,
				57DD02691185D7A100CC00D1 /* DDXMLElement.m */,
				57DD026A1185D7A100CC00D1 /* DDXMLNode.h */,
				57DD026B1185D7A100CC00D1 /* DDXMLNode.m */,
				57DD026C1185D7A100CC00D1 /* DDXMLPrivate.h */,
				57DD026D1185D7A100CC00D1 /* NSStringAdditions.h */,
				57DD026E1185D7A100CC00D1 /* NSStringAdditions.m */,
			);
			path = KissXML;
			sourceTree = "<group>";
		};
		57DD02771185D85000CC00D1 /* TCP */ = {
			isa = PBXGroup;
			children = (
				57DD02781185D85000CC00D1 /* AsyncSocket.h */,
				57DD02791185D85000CC00D1 /* AsyncSocket.m */,
			);
			name = TCP;
			sourceTree = "<group>";
		};
		57DD027D1185D8AF00CC00D1 /* XMPP */ = {
			isa = PBXGroup;
			children = (
				57DD02AC1185D8AF00CC00D1 /* Extensions */,
				57DD028A1185D8AF00CC00D1 /* Core */,
				57DD02831185D8AF00CC00D1 /* Utilities */,
				57DD027E1185D8AF00CC00D1 /* Categories */,
			);
			name = XMPP;
			sourceTree = "<group>";
		};
		57DD027E1185D8AF00CC00D1 /* Categories */ = {
			isa = PBXGroup;
			children = (
				57DD027F1185D8AF00CC00D1 /* NSXMLElementAdditions.h */,
				57DD02801185D8AF00CC00D1 /* NSXMLElementAdditions.m */,
				57DD02811185D8AF00CC00D1 /* NSDataAdditions.h */,
				57DD02821185D8AF00CC00D1 /* NSDataAdditions.m */,
			);
			name = Categories;
			sourceTree = "<group>";
		};
		57DD02831185D8AF00CC00D1 /* Utilities */ = {
			isa = PBXGroup;
			children = (
				57DD02841185D8AF00CC00D1 /* MulticastDelegate.h */,
				57DD02851185D8AF00CC00D1 /* MulticastDelegate.m */,
				57DD02861185D8AF00CC00D1 /* LibIDN.h */,
				57DD02871185D8AF00CC00D1 /* LibIDN.m */,
				57DD02881185D8AF00CC00D1 /* idn-int.h */,
				57DD02891185D8AF00CC00D1 /* stringprep.h */,
			);
			name = Utilities;
			sourceTree = "<group>";
		};
		57DD028A1185D8AF00CC00D1 /* Core */ = {
			isa = PBXGroup;
			children = (
				57DD028B1185D8AF00CC00D1 /* XMPP.h */,
				57DD028C1185D8AF00CC00D1 /* XMPPParser.h */,
				57DD028D1185D8AF00CC00D1 /* XMPPParser.m */,
				57DD028E1185D8AF00CC00D1 /* XMPPStream.h */,
				57DD028F1185D8AF00CC00D1 /* XMPPStream.m */,
				57DD02901185D8AF00CC00D1 /* XMPPJID.h */,
				57DD02911185D8AF00CC00D1 /* XMPPJID.m */,
				57DD02921185D8AF00CC00D1 /* XMPPElement.h */,
				57DD02931185D8AF00CC00D1 /* XMPPElement.m */,
				57DD02941185D8AF00CC00D1 /* XMPPIQ.h */,
				57DD02951185D8AF00CC00D1 /* XMPPIQ.m */,
				57DD02961185D8AF00CC00D1 /* XMPPMessage.h */,
				57DD02971185D8AF00CC00D1 /* XMPPMessage.m */,
				57DD02981185D8AF00CC00D1 /* XMPPPresence.h */,
				57DD02991185D8AF00CC00D1 /* XMPPPresence.m */,
				57DD029A1185D8AF00CC00D1 /* XMPPReconnect.h */,
				57DD029B1185D8AF00CC00D1 /* XMPPReconnect.m */,
				57DD029C1185D8AF00CC00D1 /* XMPPModule.h */,
				57DD029D1185D8AF00CC00D1 /* XMPPModule.m */,
			);
			name = Core;
			sourceTree = "<group>";
		};
		57DD029E1185D8AF00CC00D1 /* Roster */ = {
			isa = PBXGroup;
			children = (
				57DD029F1185D8AF00CC00D1 /* XMPPRoster.h */,
				57DD02A01185D8AF00CC00D1 /* XMPPRoster.m */,
			);
			name = Roster;
			path = ..;
			sourceTree = "<group>";
		};
		57DD02AC1185D8AF00CC00D1 /* Extensions */ = {
			isa = PBXGroup;
			children = (
				57DD02B31185D8AF00CC00D1 /* XEP-0100 */,
				57DD02AD1185D8AF00CC00D1 /* XEP-0065 */,
			);
			name = Extensions;
			sourceTree = "<group>";
		};
		57DD02AD1185D8AF00CC00D1 /* XEP-0065 */ = {
			isa = PBXGroup;
			children = (
				57DD02AE1185D8AF00CC00D1 /* DDLog.h */,
				57DD02AF1185D8AF00CC00D1 /* DDNumber.h */,
				57DD02B01185D8AF00CC00D1 /* DDNumber.m */,
				57DD02B11185D8AF00CC00D1 /* TURNSocket.h */,
				57DD02B21185D8AF00CC00D1 /* TURNSocket.m */,
			);
			name = "XEP-0065";
			sourceTree = "<group>";
		};
		57DD02B31185D8AF00CC00D1 /* XEP-0100 */ = {
			isa = PBXGroup;
			children = (
				57DD02B41185D8AF00CC00D1 /* XMPPTransports.h */,
				57DD02B51185D8AF00CC00D1 /* XMPPTransports.m */,
			);
			name = "XEP-0100";
			sourceTree = "<group>";
		};
/* End PBXGroup section */

/* Begin PBXNativeTarget section */
		1D6058900D05DD3D006BFB54 /* Buddycloud */ = {
			isa = PBXNativeTarget;
			buildConfigurationList = 1D6058960D05DD3E006BFB54 /* Build configuration list for PBXNativeTarget "Buddycloud" */;
			buildPhases = (
				1D60588D0D05DD3D006BFB54 /* Resources */,
				1D60588E0D05DD3D006BFB54 /* Sources */,
				1D60588F0D05DD3D006BFB54 /* Frameworks */,
			);
			buildRules = (
			);
			dependencies = (
			);
			name = Buddycloud;
			productName = Buddycloud;
			productReference = 1D6058910D05DD3D006BFB54 /* Buddycloud.app */;
			productType = "com.apple.product-type.application";
		};
/* End PBXNativeTarget section */

/* Begin PBXProject section */
		29B97313FDCFA39411CA2CEA /* Project object */ = {
			isa = PBXProject;
			attributes = {
				ORGANIZATIONNAME = buddycloud;
			};
			buildConfigurationList = C01FCF4E08A954540054247B /* Build configuration list for PBXProject "Buddycloud" */;
			compatibilityVersion = "Xcode 3.1";
			hasScannedForEncodings = 1;
			mainGroup = 29B97314FDCFA39411CA2CEA /* Buddycloud */;
			projectDirPath = "";
			projectRoot = "";
			targets = (
				1D6058900D05DD3D006BFB54 /* Buddycloud */,
			);
		};
/* End PBXProject section */

/* Begin PBXResourcesBuildPhase section */
		1D60588D0D05DD3D006BFB54 /* Resources */ = {
			isa = PBXResourcesBuildPhase;
			buildActionMask = 2147483647;
			files = (
				28AD73880D9D96C1002E5188 /* MainWindow.xib in Resources */,
				573681E4116CB627008DC56F /* Icon.png in Resources */,
				5731AF311170BD2100F97613 /* Settings.bundle in Resources */,
				5731B0741170EF5000F97613 /* FollowerCell.xib in Resources */,
				57A180B7119951B300DFFD42 /* contact.png in Resources */,
				57A180B9119951BE00DFFD42 /* channel.png in Resources */,
				F42611F111A18C84003DE867 /* TopicCell.xib in Resources */,
				571129A011A3CE5800921B1D /* database.sql in Resources */,
			);
			runOnlyForDeploymentPostprocessing = 0;
		};
/* End PBXResourcesBuildPhase section */

/* Begin PBXSourcesBuildPhase section */
		1D60588E0D05DD3D006BFB54 /* Sources */ = {
			isa = PBXSourcesBuildPhase;
			buildActionMask = 2147483647;
			files = (
				1D60589B0D05DD56006BFB54 /* main.m in Sources */,
				1D3623260D0F684500981E51 /* BuddycloudAppDelegate.m in Sources */,
				57368090116C84EF008DC56F /* XMPPEngine.m in Sources */,
				57368110116CA1D8008DC56F /* LocationEngine.m in Sources */,
				57368152116CA838008DC56F /* FollowingViewController.m in Sources */,
				5736819C116CABE6008DC56F /* Events.m in Sources */,
				5731AF9B1170E05800F97613 /* SettingsViewController.m in Sources */,
				5731AFCA1170E3A600F97613 /* EditSettingsViewController.m in Sources */,
				5731B03A1170EB2600F97613 /* EditSettingCell.m in Sources */,
				5731B0781170F01D00F97613 /* FollowerCellController.m in Sources */,
				579397CB117DD98200D340F1 /* XMPPPubsub.m in Sources */,
				578B8AFC118313F000279015 /* FollowedItem.m in Sources */,
				578B8AFF118314D400279015 /* UserItem.m in Sources */,
				578B8B091183156C00279015 /* Location.m in Sources */,
				578B8B1E1183171000279015 /* ChannelItem.m in Sources */,
				578B8B6511831A7100279015 /* FollowingDataModel.m in Sources */,
				57DD026F1185D7A100CC00D1 /* DDXMLDocument.m in Sources */,
				57DD02701185D7A100CC00D1 /* DDXMLElement.m in Sources */,
				57DD02711185D7A100CC00D1 /* DDXMLNode.m in Sources */,
				57DD02721185D7A100CC00D1 /* NSStringAdditions.m in Sources */,
				57DD027A1185D85000CC00D1 /* AsyncSocket.m in Sources */,
				57DD02C41185D8AF00CC00D1 /* NSXMLElementAdditions.m in Sources */,
				57DD02C51185D8AF00CC00D1 /* NSDataAdditions.m in Sources */,
				57DD02C61185D8AF00CC00D1 /* MulticastDelegate.m in Sources */,
				57DD02C71185D8AF00CC00D1 /* LibIDN.m in Sources */,
				57DD02C81185D8AF00CC00D1 /* XMPPParser.m in Sources */,
				57DD02C91185D8AF00CC00D1 /* XMPPStream.m in Sources */,
				57DD02CA1185D8AF00CC00D1 /* XMPPJID.m in Sources */,
				57DD02CB1185D8AF00CC00D1 /* XMPPElement.m in Sources */,
				57DD02CC1185D8AF00CC00D1 /* XMPPIQ.m in Sources */,
				57DD02CD1185D8AF00CC00D1 /* XMPPMessage.m in Sources */,
				57DD02CE1185D8AF00CC00D1 /* XMPPPresence.m in Sources */,
				57DD02CF1185D8AF00CC00D1 /* XMPPReconnect.m in Sources */,
				57DD02D01185D8AF00CC00D1 /* XMPPModule.m in Sources */,
				57DD02D11185D8AF00CC00D1 /* XMPPRoster.m in Sources */,
				57DD02D51185D8AF00CC00D1 /* DDNumber.m in Sources */,
				57DD02D61185D8AF00CC00D1 /* TURNSocket.m in Sources */,
				57DD02D71185D8AF00CC00D1 /* XMPPTransports.m in Sources */,
				57A182E0119D9D8200DFFD42 /* PlaceEngine.m in Sources */,
				57A183A1119ED30400DFFD42 /* TextFieldAlertView.m in Sources */,
				57A3AC6D11A2CCBC00E39894 /* PlacesDataModel.m in Sources */,
				57A3AC7011A2CFB700E39894 /* DatabaseAccess.m in Sources */,
				5791901311A3E6EF0089B853 /* ChannelCellController.m in Sources */,
			);
			runOnlyForDeploymentPostprocessing = 0;
		};
/* End PBXSourcesBuildPhase section */

/* Begin XCBuildConfiguration section */
		1D6058940D05DD3E006BFB54 /* Debug */ = {
			isa = XCBuildConfiguration;
			buildSettings = {
				ALWAYS_SEARCH_USER_PATHS = NO;
				COPY_PHASE_STRIP = NO;
				GCC_DYNAMIC_NO_PIC = NO;
				GCC_OPTIMIZATION_LEVEL = 0;
				GCC_PRECOMPILE_PREFIX_HEADER = YES;
				GCC_PREFIX_HEADER = Buddycloud_Prefix.pch;
				INFOPLIST_FILE = Info.plist;
				LIBRARY_SEARCH_PATHS = (
					"$(inherited)",
					"\"$(SRCROOT)\"",
					"\"$(DEVELOPER_DIR)/Platforms/iPhoneSimulator.platform/Developer/SDKs/iPhoneSimulator3.1.3.sdk/usr/lib\"",
				);
				PRODUCT_NAME = Buddycloud;
			};
			name = Debug;
		};
		1D6058950D05DD3E006BFB54 /* Release */ = {
			isa = XCBuildConfiguration;
			buildSettings = {
				ALWAYS_SEARCH_USER_PATHS = NO;
				COPY_PHASE_STRIP = YES;
				GCC_PRECOMPILE_PREFIX_HEADER = YES;
				GCC_PREFIX_HEADER = Buddycloud_Prefix.pch;
				INFOPLIST_FILE = Info.plist;
				LIBRARY_SEARCH_PATHS = (
					"$(inherited)",
					"\"$(SRCROOT)\"",
					"\"$(DEVELOPER_DIR)/Platforms/iPhoneSimulator.platform/Developer/SDKs/iPhoneSimulator3.1.3.sdk/usr/lib\"",
				);
				PRODUCT_NAME = Buddycloud;
			};
			name = Release;
		};
		C01FCF4F08A954540054247B /* Debug */ = {
			isa = XCBuildConfiguration;
			buildSettings = {
				ARCHS = "$(ARCHS_STANDARD_32_BIT)";
				CODE_SIGN_IDENTITY = "";
				"CODE_SIGN_IDENTITY[sdk=iphoneos*]" = mr.dangeross;
				GCC_C_LANGUAGE_STANDARD = c99;
				GCC_WARN_ABOUT_RETURN_TYPE = YES;
				GCC_WARN_UNUSED_VARIABLE = YES;
				HEADER_SEARCH_PATHS = /usr/include/libxml2;
				LIBRARY_SEARCH_PATHS = "\"$(SRCROOT)/libidn/${PLATFORM_NAME}\"";
				ONLY_ACTIVE_ARCH = YES;
				OTHER_LDFLAGS = (
					"-lxml2",
					"-lidn",
				);
				PREBINDING = NO;
				"PROVISIONING_PROFILE[sdk=iphoneos*]" = "";
				SDKROOT = iphoneos3.1.3;
			};
			name = Debug;
		};
		C01FCF5008A954540054247B /* Release */ = {
			isa = XCBuildConfiguration;
			buildSettings = {
				ARCHS = "$(ARCHS_STANDARD_32_BIT)";
				"CODE_SIGN_IDENTITY[sdk=iphoneos*]" = "iPhone Developer";
				GCC_C_LANGUAGE_STANDARD = c99;
				GCC_WARN_ABOUT_RETURN_TYPE = YES;
				GCC_WARN_UNUSED_VARIABLE = YES;
				PREBINDING = NO;
				SDKROOT = iphoneos2.2.1;
			};
			name = Release;
		};
/* End XCBuildConfiguration section */

/* Begin XCConfigurationList section */
		1D6058960D05DD3E006BFB54 /* Build configuration list for PBXNativeTarget "Buddycloud" */ = {
			isa = XCConfigurationList;
			buildConfigurations = (
				1D6058940D05DD3E006BFB54 /* Debug */,
				1D6058950D05DD3E006BFB54 /* Release */,
			);
			defaultConfigurationIsVisible = 0;
			defaultConfigurationName = Release;
		};
		C01FCF4E08A954540054247B /* Build configuration list for PBXProject "Buddycloud" */ = {
			isa = XCConfigurationList;
			buildConfigurations = (
				C01FCF4F08A954540054247B /* Debug */,
				C01FCF5008A954540054247B /* Release */,
			);
			defaultConfigurationIsVisible = 0;
			defaultConfigurationName = Release;
		};
/* End XCConfigurationList section */
	};
	rootObject = 29B97313FDCFA39411CA2CEA /* Project object */;
}
